
Microsoft Visual Studio Solution File, Format Version 12.00
# Visual Studio Version 17
VisualStudioVersion = 17.14.36511.14 d17.14
MinimumVisualStudioVersion = 10.0.40219.1
Project("{8BC9CEB8-8B4A-11D0-8D11-00A0C91BC942}") = "consoleOut_64", "consoleOut_64\consoleOut_64.vcxproj", "{3CFB7991-D002-4F80-ABA8-844F8C5F8633}"
EndProject
Global
	GlobalSection(SolutionConfigurationPlatforms) = preSolution
		Debug|x64 = Debug|x64
		Debug|x86 = Debug|x86
		Release|x64 = Release|x64
		Release|x86 = Release|x86
	EndGlobalSection
	GlobalSection(ProjectConfigurationPlatforms) = postSolution
		{3CFB7991-D002-4F80-ABA8-844F8C5F8633}.Debug|x64.ActiveCfg = Debug|x64
		{3CFB7991-D002-4F80-ABA8-844F8C5F8633}.Debug|x64.Build.0 = Debug|x64
		{3CFB7991-D002-4F80-ABA8-844F8C5F8633}.Debug|x86.ActiveCfg = Debug|Win32
		{3CFB7991-D002-4F80-ABA8-844F8C5F8633}.Debug|x86.Build.0 = Debug|Win32
		{3CFB7991-D002-4F80-ABA8-844F8C5F8633}.Release|x64.ActiveCfg = Release|x64
		{3CFB7991-D002-4F80-ABA8-844F8C5F8633}.Release|x64.Build.0 = Release|x64
		{3CFB7991-D002-4F80-ABA8-844F8C5F8633}.Release|x86.ActiveCfg = Release|Win32
		{3CFB7991-D002-4F80-ABA8-844F8C5F8633}.Release|x86.Build.0 = Release|Win32
	EndGlobalSection
	GlobalSection(SolutionProperties) = preSolution
		HideSolutionNode = FALSE
	EndGlobalSection
	GlobalSection(ExtensibilityGlobals) = postSolution
		SolutionGuid = {A18DB145-8CAC-44CD-A910-207C439E2863}
	EndGlobalSection
EndGlobal
